
Microsoft Visual Studio Solution File, Format Version 12.00
# Visual Studio 15
VisualStudioVersion = 15.0.27428.2002
MinimumVisualStudioVersion = 10.0.40219.1
Project("{9A19103F-16F7-4668-BE54-9A1E7A4F7556}") = "RpgCore", "RpgCore\RpgCore.csproj", "{B4779664-956D-4D1B-8B0B-AD3DD85F82EF}"
EndProject
Project("{9A19103F-16F7-4668-BE54-9A1E7A4F7556}") = "UnitTestRpgCore", "UnitTestRpgCore\UnitTestRpgCore.csproj", "{B564814E-C276-45FC-AF9C-0C68544BCA1A}"
EndProject
Global
	GlobalSection(SolutionConfigurationPlatforms) = preSolution
		Debug|Any CPU = Debug|Any CPU
		Release|Any CPU = Release|Any CPU
	EndGlobalSection
	GlobalSection(ProjectConfigurationPlatforms) = postSolution
		{B4779664-956D-4D1B-8B0B-AD3DD85F82EF}.Debug|Any CPU.ActiveCfg = Debug|Any CPU
		{B4779664-956D-4D1B-8B0B-AD3DD85F82EF}.Debug|Any CPU.Build.0 = Debug|Any CPU
		{B4779664-956D-4D1B-8B0B-AD3DD85F82EF}.Release|Any CPU.ActiveCfg = Release|Any CPU
		{B4779664-956D-4D1B-8B0B-AD3DD85F82EF}.Release|Any CPU.Build.0 = Release|Any CPU
		{B564814E-C276-45FC-AF9C-0C68544BCA1A}.Debug|Any CPU.ActiveCfg = Debug|Any CPU
		{B564814E-C276-45FC-AF9C-0C68544BCA1A}.Debug|Any CPU.Build.0 = Debug|Any CPU
		{B564814E-C276-45FC-AF9C-0C68544BCA1A}.Release|Any CPU.ActiveCfg = Release|Any CPU
		{B564814E-C276-45FC-AF9C-0C68544BCA1A}.Release|Any CPU.Build.0 = Release|Any CPU
	EndGlobalSection
	GlobalSection(SolutionProperties) = preSolution
		HideSolutionNode = FALSE
	EndGlobalSection
	GlobalSection(ExtensibilityGlobals) = postSolution
		SolutionGuid = {F6C0CCD8-7A16-4BB0-B487-DD82BE01B6F5}
	EndGlobalSection
EndGlobal
